
Microsoft Visual Studio Solution File, Format Version 12.00
# Visual Studio Version 17
VisualStudioVersion = 17.0.31717.71
MinimumVisualStudioVersion = 10.0.40219.1
Project("{9A19103F-16F7-4668-BE54-9A1E7A4F7556}") = "Auth", "src\Auth\Auth.csproj", "{3DB36E9C-4D93-4C35-9FD0-7648EDC57768}"
EndProject
Project("{2150E333-8FDC-42A3-9474-1A3956D46DE8}") = "infra", "infra", "{1AA3E3E4-94CB-4CF4-9C26-F773CEDBD39D}"
	ProjectSection(SolutionItems) = preProject
		infra\docker-compose.yml = infra\docker-compose.yml
	EndProjectSection
EndProject
Project("{FAE04EC0-301F-11D3-BF4B-00C04F79EFBC}") = "Cms", "src\Cms\Cms.csproj", "{61308205-F135-47AC-9DCC-BED2B95C3532}"
EndProject
Project("{E53339B2-1760-4266-BCC7-CA923CBCF16C}") = "docker-compose", "docker-compose.dcproj", "{5D9F7FDF-EA0E-473D-8F93-9845335516FE}"
EndProject
Global
	GlobalSection(SolutionConfigurationPlatforms) = preSolution
		Debug|Any CPU = Debug|Any CPU
		Release|Any CPU = Release|Any CPU
	EndGlobalSection
	GlobalSection(ProjectConfigurationPlatforms) = postSolution
		{3DB36E9C-4D93-4C35-9FD0-7648EDC57768}.Debug|Any CPU.ActiveCfg = Debug|Any CPU
		{3DB36E9C-4D93-4C35-9FD0-7648EDC57768}.Debug|Any CPU.Build.0 = Debug|Any CPU
		{3DB36E9C-4D93-4C35-9FD0-7648EDC57768}.Release|Any CPU.ActiveCfg = Release|Any CPU
		{3DB36E9C-4D93-4C35-9FD0-7648EDC57768}.Release|Any CPU.Build.0 = Release|Any CPU
		{61308205-F135-47AC-9DCC-BED2B95C3532}.Debug|Any CPU.ActiveCfg = Debug|Any CPU
		{61308205-F135-47AC-9DCC-BED2B95C3532}.Debug|Any CPU.Build.0 = Debug|Any CPU
		{61308205-F135-47AC-9DCC-BED2B95C3532}.Release|Any CPU.ActiveCfg = Release|Any CPU
		{61308205-F135-47AC-9DCC-BED2B95C3532}.Release|Any CPU.Build.0 = Release|Any CPU
		{5D9F7FDF-EA0E-473D-8F93-9845335516FE}.Debug|Any CPU.ActiveCfg = Debug|Any CPU
		{5D9F7FDF-EA0E-473D-8F93-9845335516FE}.Debug|Any CPU.Build.0 = Debug|Any CPU
		{5D9F7FDF-EA0E-473D-8F93-9845335516FE}.Release|Any CPU.ActiveCfg = Release|Any CPU
		{5D9F7FDF-EA0E-473D-8F93-9845335516FE}.Release|Any CPU.Build.0 = Release|Any CPU
	EndGlobalSection
	GlobalSection(SolutionProperties) = preSolution
		HideSolutionNode = FALSE
	EndGlobalSection
	GlobalSection(ExtensibilityGlobals) = postSolution
		SolutionGuid = {F728E0D2-2FA8-4B37-9E05-1D40FEB92F76}
	EndGlobalSection
EndGlobal
